
Microsoft Visual Studio Solution File, Format Version 12.00
# Visual Studio Version 16
VisualStudioVersion = 16.0.30523.141
MinimumVisualStudioVersion = 10.0.40219.1
Project("{FAE04EC0-301F-11D3-BF4B-00C04F79EFBC}") = "MyFirstApp", "MyFirstApp.csproj", "{0B8246A0-6A87-4819-BC8B-6CDD3CF9EB44}"
EndProject
Global
	GlobalSection(SolutionConfigurationPlatforms) = preSolution
		Debug|Any CPU = Debug|Any CPU
		Release|Any CPU = Release|Any CPU
	EndGlobalSection
	GlobalSection(ProjectConfigurationPlatforms) = postSolution
		{0B8246A0-6A87-4819-BC8B-6CDD3CF9EB44}.Debug|Any CPU.ActiveCfg = Debug|Any CPU
		{0B8246A0-6A87-4819-BC8B-6CDD3CF9EB44}.Debug|Any CPU.Build.0 = Debug|Any CPU
		{0B8246A0-6A87-4819-BC8B-6CDD3CF9EB44}.Release|Any CPU.ActiveCfg = Release|Any CPU
		{0B8246A0-6A87-4819-BC8B-6CDD3CF9EB44}.Release|Any CPU.Build.0 = Release|Any CPU
	EndGlobalSection
	GlobalSection(SolutionProperties) = preSolution
		HideSolutionNode = FALSE
	EndGlobalSection
	GlobalSection(ExtensibilityGlobals) = postSolution
		SolutionGuid = {75B89711-3D56-48AE-9220-5200C25CFE8A}
	EndGlobalSection
EndGlobal
